
Microsoft Visual Studio Solution File, Format Version 12.00
# Visual Studio Version 17
VisualStudioVersion = 17.7.34031.279
MinimumVisualStudioVersion = 10.0.40219.1
Project("{FAE04EC0-301F-11D3-BF4B-00C04F79EFBC}") = "Assigment", "Assigment\Assigment.csproj", "{330695BE-2D1D-4273-A5F7-6C32D554D771}"
EndProject
Global
	GlobalSection(SolutionConfigurationPlatforms) = preSolution
		Debug|Any CPU = Debug|Any CPU
		Release|Any CPU = Release|Any CPU
	EndGlobalSection
	GlobalSection(ProjectConfigurationPlatforms) = postSolution
		{330695BE-2D1D-4273-A5F7-6C32D554D771}.Debug|Any CPU.ActiveCfg = Debug|Any CPU
		{330695BE-2D1D-4273-A5F7-6C32D554D771}.Debug|Any CPU.Build.0 = Debug|Any CPU
		{330695BE-2D1D-4273-A5F7-6C32D554D771}.Release|Any CPU.ActiveCfg = Release|Any CPU
		{330695BE-2D1D-4273-A5F7-6C32D554D771}.Release|Any CPU.Build.0 = Release|Any CPU
	EndGlobalSection
	GlobalSection(SolutionProperties) = preSolution
		HideSolutionNode = FALSE
	EndGlobalSection
	GlobalSection(ExtensibilityGlobals) = postSolution
		SolutionGuid = {C1559FA0-0339-465D-B6DB-A51A6F13F8E4}
	EndGlobalSection
EndGlobal
